// !$*UTF8*$!
{
	archiveVersion = 1;
	classes = {
	};
	objectVersion = 48;
	objects = {

/* Begin PBXBuildFile section */
		280C08FF2011B690002816F2 /* AppDelegate.swift in Sources */ = {isa = PBXBuildFile; fileRef = 280C08FE2011B690002816F2 /* AppDelegate.swift */; };
		280C09012011B690002816F2 /* MemeEditorViewController.swift in Sources */ = {isa = PBXBuildFile; fileRef = 280C09002011B690002816F2 /* MemeEditorViewController.swift */; };
		280C09042011B690002816F2 /* Main.storyboard in Resources */ = {isa = PBXBuildFile; fileRef = 280C09022011B690002816F2 /* Main.storyboard */; };
		280C09062011B690002816F2 /* Assets.xcassets in Resources */ = {isa = PBXBuildFile; fileRef = 280C09052011B690002816F2 /* Assets.xcassets */; };
		280C09092011B690002816F2 /* LaunchScreen.storyboard in Resources */ = {isa = PBXBuildFile; fileRef = 280C09072011B690002816F2 /* LaunchScreen.storyboard */; };
		2864DF6620203DBA000E66B2 /* Meme.swift in Sources */ = {isa = PBXBuildFile; fileRef = 2864DF6520203DBA000E66B2 /* Meme.swift */; };
		2864DF6820203F26000E66B2 /* MemeCollectionViewController.swift in Sources */ = {isa = PBXBuildFile; fileRef = 2864DF6720203F26000E66B2 /* MemeCollectionViewController.swift */; };
		2864DF6A20203F56000E66B2 /* MemeTableViewController.swift in Sources */ = {isa = PBXBuildFile; fileRef = 2864DF6920203F56000E66B2 /* MemeTableViewController.swift */; };
		7C751B162012536B0043B887 /* MemeTextDelegate.swift in Sources */ = {isa = PBXBuildFile; fileRef = 7C751B152012536B0043B887 /* MemeTextDelegate.swift */; };
/* End PBXBuildFile section */

/* Begin PBXFileReference section */
		280C08FB2011B690002816F2 /* MemeMe v2.0.app */ = {isa = PBXFileReference; explicitFileType = wrapper.application; includeInIndex = 0; path = "MemeMe v2.0.app"; sourceTree = BUILT_PRODUCTS_DIR; };
		280C08FE2011B690002816F2 /* AppDelegate.swift */ = {isa = PBXFileReference; lastKnownFileType = sourcecode.swift; path = AppDelegate.swift; sourceTree = "<group>"; };
		280C09002011B690002816F2 /* MemeEditorViewController.swift */ = {isa = PBXFileReference; lastKnownFileType = sourcecode.swift; path = MemeEditorViewController.swift; sourceTree = "<group>"; };
		280C09032011B690002816F2 /* Base */ = {isa = PBXFileReference; lastKnownFileType = file.storyboard; name = Base; path = Base.lproj/Main.storyboard; sourceTree = "<group>"; };
		280C09052011B690002816F2 /* Assets.xcassets */ = {isa = PBXFileReference; lastKnownFileType = folder.assetcatalog; path = Assets.xcassets; sourceTree = "<group>"; };
		280C09082011B690002816F2 /* Base */ = {isa = PBXFileReference; lastKnownFileType = file.storyboard; name = Base; path = Base.lproj/LaunchScreen.storyboard; sourceTree = "<group>"; };
		280C090A2011B690002816F2 /* Info.plist */ = {isa = PBXFileReference; lastKnownFileType = text.plist.xml; path = Info.plist; sourceTree = "<group>"; };
		2864DF6520203DBA000E66B2 /* Meme.swift */ = {isa = PBXFileReference; lastKnownFileType = sourcecode.swift; path = Meme.swift; sourceTree = "<group>"; };
		2864DF6720203F26000E66B2 /* MemeCollectionViewController.swift */ = {isa = PBXFileReference; lastKnownFileType = sourcecode.swift; path = MemeCollectionViewController.swift; sourceTree = "<group>"; };
		2864DF6920203F56000E66B2 /* MemeTableViewController.swift */ = {isa = PBXFileReference; lastKnownFileType = sourcecode.swift; path = MemeTableViewController.swift; sourceTree = "<group>"; };
		7C751B152012536B0043B887 /* MemeTextDelegate.swift */ = {isa = PBXFileReference; lastKnownFileType = sourcecode.swift; path = MemeTextDelegate.swift; sourceTree = "<group>"; };
/* End PBXFileReference section */

/* Begin PBXFrameworksBuildPhase section */
		280C08F82011B690002816F2 /* Frameworks */ = {
			isa = PBXFrameworksBuildPhase;
			buildActionMask = 2147483647;
			files = (
			);
			runOnlyForDeploymentPostprocessing = 0;
		};
/* End PBXFrameworksBuildPhase section */

/* Begin PBXGroup section */
		280C08F22011B690002816F2 = {
			isa = PBXGroup;
			children = (
				280C08FD2011B690002816F2 /* memeMeV2 */,
				280C08FC2011B690002816F2 /* Products */,
			);
			sourceTree = "<group>";
		};
		280C08FC2011B690002816F2 /* Products */ = {
			isa = PBXGroup;
			children = (
				280C08FB2011B690002816F2 /* MemeMe v2.0.app */,
			);
			name = Products;
			sourceTree = "<group>";
		};
		280C08FD2011B690002816F2 /* memeMeV2 */ = {
			isa = PBXGroup;
			children = (
				2864DF6520203DBA000E66B2 /* Meme.swift */,
				280C08FE2011B690002816F2 /* AppDelegate.swift */,
				280C09002011B690002816F2 /* MemeEditorViewController.swift */,
				2864DF6720203F26000E66B2 /* MemeCollectionViewController.swift */,
				2864DF6920203F56000E66B2 /* MemeTableViewController.swift */,
				7C751B152012536B0043B887 /* MemeTextDelegate.swift */,
				280C09022011B690002816F2 /* Main.storyboard */,
				280C09052011B690002816F2 /* Assets.xcassets */,
				280C09072011B690002816F2 /* LaunchScreen.storyboard */,
				280C090A2011B690002816F2 /* Info.plist */,
			);
			path = memeMeV2;
			sourceTree = "<group>";
		};
/* End PBXGroup section */

/* Begin PBXNativeTarget section */
		280C08FA2011B690002816F2 /* MemeMe v2.0 */ = {
			isa = PBXNativeTarget;
			buildConfigurationList = 280C090D2011B690002816F2 /* Build configuration list for PBXNativeTarget "MemeMe v2.0" */;
			buildPhases = (
				280C08F72011B690002816F2 /* Sources */,
				280C08F82011B690002816F2 /* Frameworks */,
				280C08F92011B690002816F2 /* Resources */,
			);
			buildRules = (
			);
			dependencies = (
			);
			name = "MemeMe v2.0";
			productName = imagePickerTest;
			productReference = 280C08FB2011B690002816F2 /* MemeMe v2.0.app */;
			productType = "com.apple.product-type.application";
		};
/* End PBXNativeTarget section */

/* Begin PBXProject section */
		280C08F32011B690002816F2 /* Project object */ = {
			isa = PBXProject;
			attributes = {
				LastSwiftUpdateCheck = 0900;
				LastUpgradeCheck = 0900;
				ORGANIZATIONNAME = "Frank Aceves";
				TargetAttributes = {
					280C08FA2011B690002816F2 = {
						CreatedOnToolsVersion = 9.0.1;
						ProvisioningStyle = Automatic;
					};
				};
			};
			buildConfigurationList = 280C08F62011B690002816F2 /* Build configuration list for PBXProject "MemeMe v2.0" */;
			compatibilityVersion = "Xcode 8.0";
			developmentRegion = en;
			hasScannedForEncodings = 0;
			knownRegions = (
				en,
				Base,
			);
			mainGroup = 280C08F22011B690002816F2;
			productRefGroup = 280C08FC2011B690002816F2 /* Products */;
			projectDirPath = "";
			projectRoot = "";
			targets = (
				280C08FA2011B690002816F2 /* MemeMe v2.0 */,
			);
		};
/* End PBXProject section */

/* Begin PBXResourcesBuildPhase section */
		280C08F92011B690002816F2 /* Resources */ = {
			isa = PBXResourcesBuildPhase;
			buildActionMask = 2147483647;
			files = (
				280C09092011B690002816F2 /* LaunchScreen.storyboard in Resources */,
				280C09062011B690002816F2 /* Assets.xcassets in Resources */,
				280C09042011B690002816F2 /* Main.storyboard in Resources */,
			);
			runOnlyForDeploymentPostprocessing = 0;
		};
/* End PBXResourcesBuildPhase section */

/* Begin PBXSourcesBuildPhase section */
		280C08F72011B690002816F2 /* Sources */ = {
			isa = PBXSourcesBuildPhase;
			buildActionMask = 2147483647;
			files = (
				280C09012011B690002816F2 /* MemeEditorViewController.swift in Sources */,
				2864DF6620203DBA000E66B2 /* Meme.swift in Sources */,
				2864DF6820203F26000E66B2 /* MemeCollectionViewController.swift in Sources */,
				2864DF6A20203F56000E66B2 /* MemeTableViewController.swift in Sources */,
				7C751B162012536B0043B887 /* MemeTextDelegate.swift in Sources */,
				280C08FF2011B690002816F2 /* AppDelegate.swift in Sources */,
			);
			runOnlyForDeploymentPostprocessing = 0;
		};
/* End PBXSourcesBuildPhase section */

/* Begin PBXVariantGroup section */
		280C09022011B690002816F2 /* Main.storyboard */ = {
			isa = PBXVariantGroup;
			children = (
				280C09032011B690002816F2 /* Base */,
			);
			name = Main.storyboard;
			sourceTree = "<group>";
		};
		280C09072011B690002816F2 /* LaunchScreen.storyboard */ = {
			isa = PBXVariantGroup;
			children = (
				280C09082011B690002816F2 /* Base */,
			);
			name = LaunchScreen.storyboard;
			sourceTree = "<group>";
		};
/* End PBXVariantGroup section */

/* Begin XCBuildConfiguration section */
		280C090B2011B690002816F2 /* Debug */ = {
			isa = XCBuildConfiguration;
			buildSettings = {
				ALWAYS_SEARCH_USER_PATHS = NO;
				CLANG_ANALYZER_NONNULL = YES;
				CLANG_ANALYZER_NUMBER_OBJECT_CONVERSION = YES_AGGRESSIVE;
				CLANG_CXX_LANGUAGE_STANDARD = "gnu++14";
				CLANG_CXX_LIBRARY = "libc++";
				CLANG_ENABLE_MODULES = YES;
				CLANG_ENABLE_OBJC_ARC = YES;
				CLANG_WARN_BLOCK_CAPTURE_AUTORELEASING = YES;
				CLANG_WARN_BOOL_CONVERSION = YES;
				CLANG_WARN_COMMA = YES;
				CLANG_WARN_CONSTANT_CONVERSION = YES;
				CLANG_WARN_DIRECT_OBJC_ISA_USAGE = YES_ERROR;
				CLANG_WARN_DOCUMENTATION_COMMENTS = YES;
				CLANG_WARN_EMPTY_BODY = YES;
				CLANG_WARN_ENUM_CONVERSION = YES;
				CLANG_WARN_INFINITE_RECURSION = YES;
				CLANG_WARN_INT_CONVERSION = YES;
				CLANG_WARN_NON_LITERAL_NULL_CONVERSION = YES;
				CLANG_WARN_OBJC_LITERAL_CONVERSION = YES;
				CLANG_WARN_OBJC_ROOT_CLASS = YES_ERROR;
				CLANG_WARN_RANGE_LOOP_ANALYSIS = YES;
				CLANG_WARN_STRICT_PROTOTYPES = YES;
				CLANG_WARN_SUSPICIOUS_MOVE = YES;
				CLANG_WARN_UNGUARDED_AVAILABILITY = YES_AGGRESSIVE;
				CLANG_WARN_UNREACHABLE_CODE = YES;
				CLANG_WARN__DUPLICATE_METHOD_MATCH = YES;
				CODE_SIGN_IDENTITY = "iPhone Developer";
				COPY_PHASE_STRIP = NO;
				DEBUG_INFORMATION_FORMAT = dwarf;
				ENABLE_STRICT_OBJC_MSGSEND = YES;
				ENABLE_TESTABILITY = YES;
				GCC_C_LANGUAGE_STANDARD = gnu11;
				GCC_DYNAMIC_NO_PIC = NO;
				GCC_NO_COMMON_BLOCKS = YES;
				GCC_OPTIMIZATION_LEVEL = 0;
				GCC_PREPROCESSOR_DEFINITIONS = (
					"DEBUG=1",
					"$(inherited)",
				);
				GCC_WARN_64_TO_32_BIT_CONVERSION = YES;
				GCC_WARN_ABOUT_RETURN_TYPE = YES_ERROR;
				GCC_WARN_UNDECLARED_SELECTOR = YES;
				GCC_WARN_UNINITIALIZED_AUTOS = YES_AGGRESSIVE;
				GCC_WARN_UNUSED_FUNCTION = YES;
				GCC_WARN_UNUSED_VARIABLE = YES;
				IPHONEOS_DEPLOYMENT_TARGET = 11.0;
				MTL_ENABLE_DEBUG_INFO = YES;
				ONLY_ACTIVE_ARCH = YES;
				SDKROOT = iphoneos;
				SWIFT_ACTIVE_COMPILATION_CONDITIONS = DEBUG;
				SWIFT_OPTIMIZATION_LEVEL = "-Onone";
			};
			name = Debug;
		};
		280C090C2011B690002816F2 /* Release */ = {
			isa = XCBuildConfiguration;
			buildSettings = {
				ALWAYS_SEARCH_USER_PATHS = NO;
				CLANG_ANALYZER_NONNULL = YES;
				CLANG_ANALYZER_NUMBER_OBJECT_CONVERSION = YES_AGGRESSIVE;
				CLANG_CXX_LANGUAGE_STANDARD = "gnu++14";
				CLANG_CXX_LIBRARY = "libc++";
				CLANG_ENABLE_MODULES = YES;
				CLANG_ENABLE_OBJC_ARC = YES;
				CLANG_WARN_BLOCK_CAPTURE_AUTORELEASING = YES;
				CLANG_WARN_BOOL_CONVERSION = YES;
				CLANG_WARN_COMMA = YES;
				CLANG_WARN_CONSTANT_CONVERSION = YES;
				CLANG_WARN_DIRECT_OBJC_ISA_USAGE = YES_ERROR;
				CLANG_WARN_DOCUMENTATION_COMMENTS = YES;
				CLANG_WARN_EMPTY_BODY = YES;
				CLANG_WARN_ENUM_CONVERSION = YES;
				CLANG_WARN_INFINITE_RECURSION = YES;
				CLANG_WARN_INT_CONVERSION = YES;
				CLANG_WARN_NON_LITERAL_NULL_CONVERSION = YES;
				CLANG_WARN_OBJC_LITERAL_CONVERSION = YES;
				CLANG_WARN_OBJC_ROOT_CLASS = YES_ERROR;
				CLANG_WARN_RANGE_LOOP_ANALYSIS = YES;
				CLANG_WARN_STRICT_PROTOTYPES = YES;
				CLANG_WARN_SUSPICIOUS_MOVE = YES;
				CLANG_WARN_UNGUARDED_AVAILABILITY = YES_AGGRESSIVE;
				CLANG_WARN_UNREACHABLE_CODE = YES;
				CLANG_WARN__DUPLICATE_METHOD_MATCH = YES;
				CODE_SIGN_IDENTITY = "iPhone Developer";
				COPY_PHASE_STRIP = NO;
				DEBUG_INFORMATION_FORMAT = "dwarf-with-dsym";
				ENABLE_NS_ASSERTIONS = NO;
				ENABLE_STRICT_OBJC_MSGSEND = YES;
				GCC_C_LANGUAGE_STANDARD = gnu11;
				GCC_NO_COMMON_BLOCKS = YES;
				GCC_WARN_64_TO_32_BIT_CONVERSION = YES;
				GCC_WARN_ABOUT_RETURN_TYPE = YES_ERROR;
				GCC_WARN_UNDECLARED_SELECTOR = YES;
				GCC_WARN_UNINITIALIZED_AUTOS = YES_AGGRESSIVE;
				GCC_WARN_UNUSED_FUNCTION = YES;
				GCC_WARN_UNUSED_VARIABLE = YES;
				IPHONEOS_DEPLOYMENT_TARGET = 11.0;
				MTL_ENABLE_DEBUG_INFO = NO;
				SDKROOT = iphoneos;
				SWIFT_OPTIMIZATION_LEVEL = "-Owholemodule";
				VALIDATE_PRODUCT = YES;
			};
			name = Release;
		};
		280C090E2011B690002816F2 /* Debug */ = {
			isa = XCBuildConfiguration;
			buildSettings = {
				ASSETCATALOG_COMPILER_APPICON_NAME = AppIcon;
				CODE_SIGN_STYLE = Automatic;
				DEVELOPMENT_TEAM = 5K24LXXJ4P;
				INFOPLIST_FILE = "$(SRCROOT)/memeMeV2/Info.plist";
				IPHONEOS_DEPLOYMENT_TARGET = 11.1;
				LD_RUNPATH_SEARCH_PATHS = "$(inherited) @executable_path/Frameworks";
				PRODUCT_BUNDLE_IDENTIFIER = com.example.memeMev1.0;
				PRODUCT_NAME = "$(TARGET_NAME)";
				SWIFT_VERSION = 4.0;
				TARGETED_DEVICE_FAMILY = "1,2";
			};
			name = Debug;
		};
		280C090F2011B690002816F2 /* Release */ = {
			isa = XCBuildConfiguration;
			buildSettings = {
				ASSETCATALOG_COMPILER_APPICON_NAME = AppIcon;
				CODE_SIGN_STYLE = Automatic;
				DEVELOPMENT_TEAM = 5K24LXXJ4P;
				INFOPLIST_FILE = "$(SRCROOT)/memeMeV2/Info.plist";
				IPHONEOS_DEPLOYMENT_TARGET = 11.1;
				LD_RUNPATH_SEARCH_PATHS = "$(inherited) @executable_path/Frameworks";
				PRODUCT_BUNDLE_IDENTIFIER = com.example.memeMev1.0;
				PRODUCT_NAME = "$(TARGET_NAME)";
				SWIFT_VERSION = 4.0;
				TARGETED_DEVICE_FAMILY = "1,2";
			};
			name = Release;
		};
/* End XCBuildConfiguration section */

/* Begin XCConfigurationList section */
		280C08F62011B690002816F2 /* Build configuration list for PBXProject "MemeMe v2.0" */ = {
			isa = XCConfigurationList;
			buildConfigurations = (
				280C090B2011B690002816F2 /* Debug */,
				280C090C2011B690002816F2 /* Release */,
			);
			defaultConfigurationIsVisible = 0;
			defaultConfigurationName = Release;
		};
		280C090D2011B690002816F2 /* Build configuration list for PBXNativeTarget "MemeMe v2.0" */ = {
			isa = XCConfigurationList;
			buildConfigurations = (
				280C090E2011B690002816F2 /* Debug */,
				280C090F2011B690002816F2 /* Release */,
			);
			defaultConfigurationIsVisible = 0;
			defaultConfigurationName = Release;
		};
/* End XCConfigurationList section */
	};
	rootObject = 280C08F32011B690002816F2 /* Project object */;
}
